
Microsoft Visual Studio Solution File, Format Version 12.00
# Visual Studio Version 17
VisualStudioVersion = 17.0.31912.275
MinimumVisualStudioVersion = 10.0.40219.1
Project("{FAE04EC0-301F-11D3-BF4B-00C04F79EFBC}") = "Trigonometric sequence", "Trigonometric sequence.csproj", "{5A3B47AA-0B7A-4CD1-9DC0-0D7059601EDC}"
EndProject
Global
	GlobalSection(SolutionConfigurationPlatforms) = preSolution
		Debug|Any CPU = Debug|Any CPU
		Release|Any CPU = Release|Any CPU
	EndGlobalSection
	GlobalSection(ProjectConfigurationPlatforms) = postSolution
		{5A3B47AA-0B7A-4CD1-9DC0-0D7059601EDC}.Debug|Any CPU.ActiveCfg = Debug|Any CPU
		{5A3B47AA-0B7A-4CD1-9DC0-0D7059601EDC}.Debug|Any CPU.Build.0 = Debug|Any CPU
		{5A3B47AA-0B7A-4CD1-9DC0-0D7059601EDC}.Release|Any CPU.ActiveCfg = Release|Any CPU
		{5A3B47AA-0B7A-4CD1-9DC0-0D7059601EDC}.Release|Any CPU.Build.0 = Release|Any CPU
	EndGlobalSection
	GlobalSection(SolutionProperties) = preSolution
		HideSolutionNode = FALSE
	EndGlobalSection
	GlobalSection(ExtensibilityGlobals) = postSolution
		SolutionGuid = {C4C426C2-3E20-4887-8E16-A6904DCB20AF}
	EndGlobalSection
EndGlobal
